
Microsoft Visual Studio Solution File, Format Version 12.00
# Visual Studio Version 16
VisualStudioVersion = 16.0.31515.178
MinimumVisualStudioVersion = 10.0.40219.1
Project("{9A19103F-16F7-4668-BE54-9A1E7A4F7556}") = "DotAutomatedClassCreator", "DotAutomatedClassCreator.csproj", "{212917D1-992D-4BF0-A83A-AE11D9E8DFF9}"
EndProject
Global
	GlobalSection(SolutionConfigurationPlatforms) = preSolution
		Debug|Any CPU = Debug|Any CPU
		Release|Any CPU = Release|Any CPU
	EndGlobalSection
	GlobalSection(ProjectConfigurationPlatforms) = postSolution
		{212917D1-992D-4BF0-A83A-AE11D9E8DFF9}.Debug|Any CPU.ActiveCfg = Debug|Any CPU
		{212917D1-992D-4BF0-A83A-AE11D9E8DFF9}.Debug|Any CPU.Build.0 = Debug|Any CPU
		{212917D1-992D-4BF0-A83A-AE11D9E8DFF9}.Release|Any CPU.ActiveCfg = Release|Any CPU
		{212917D1-992D-4BF0-A83A-AE11D9E8DFF9}.Release|Any CPU.Build.0 = Release|Any CPU
	EndGlobalSection
	GlobalSection(SolutionProperties) = preSolution
		HideSolutionNode = FALSE
	EndGlobalSection
	GlobalSection(ExtensibilityGlobals) = postSolution
		SolutionGuid = {0D0E73BB-61AA-4082-93A7-17E95AFAE4AC}
	EndGlobalSection
EndGlobal
